// !$*UTF8*$!
{
	archiveVersion = 1;
	classes = {
	};
	objectVersion = 56;
	objects = {

/* Begin PBXBuildFile section */
		D07872A829256B1300D86740 /* AppDelegate.swift in Sources */ = {isa = PBXBuildFile; fileRef = D07872A729256B1300D86740 /* AppDelegate.swift */; };
		D07872AA29256B1300D86740 /* SceneDelegate.swift in Sources */ = {isa = PBXBuildFile; fileRef = D07872A929256B1300D86740 /* SceneDelegate.swift */; };
		D07872AC29256B1300D86740 /* ViewController.swift in Sources */ = {isa = PBXBuildFile; fileRef = D07872AB29256B1300D86740 /* ViewController.swift */; };
		D07872AF29256B1300D86740 /* Main.storyboard in Resources */ = {isa = PBXBuildFile; fileRef = D07872AD29256B1300D86740 /* Main.storyboard */; };
		D07872B129256B1B00D86740 /* Assets.xcassets in Resources */ = {isa = PBXBuildFile; fileRef = D07872B029256B1B00D86740 /* Assets.xcassets */; };
		D07872B429256B1B00D86740 /* LaunchScreen.storyboard in Resources */ = {isa = PBXBuildFile; fileRef = D07872B229256B1B00D86740 /* LaunchScreen.storyboard */; };
		D07872BF29256B1C00D86740 /* OpenSISTests.swift in Sources */ = {isa = PBXBuildFile; fileRef = D07872BE29256B1C00D86740 /* OpenSISTests.swift */; };
		D07872C929256B1C00D86740 /* OpenSISUITests.swift in Sources */ = {isa = PBXBuildFile; fileRef = D07872C829256B1C00D86740 /* OpenSISUITests.swift */; };
		D07872CB29256B1C00D86740 /* OpenSISUITestsLaunchTests.swift in Sources */ = {isa = PBXBuildFile; fileRef = D07872CA29256B1C00D86740 /* OpenSISUITestsLaunchTests.swift */; };
/* End PBXBuildFile section */

/* Begin PBXContainerItemProxy section */
		D07872BB29256B1C00D86740 /* PBXContainerItemProxy */ = {
			isa = PBXContainerItemProxy;
			containerPortal = D078729C29256B1300D86740 /* Project object */;
			proxyType = 1;
			remoteGlobalIDString = D07872A329256B1300D86740;
			remoteInfo = OpenSIS;
		};
		D07872C529256B1C00D86740 /* PBXContainerItemProxy */ = {
			isa = PBXContainerItemProxy;
			containerPortal = D078729C29256B1300D86740 /* Project object */;
			proxyType = 1;
			remoteGlobalIDString = D07872A329256B1300D86740;
			remoteInfo = OpenSIS;
		};
/* End PBXContainerItemProxy section */

/* Begin PBXFileReference section */
		D07872A429256B1300D86740 /* OpenSIS.app */ = {isa = PBXFileReference; explicitFileType = wrapper.application; includeInIndex = 0; path = OpenSIS.app; sourceTree = BUILT_PRODUCTS_DIR; };
		D07872A729256B1300D86740 /* AppDelegate.swift */ = {isa = PBXFileReference; lastKnownFileType = sourcecode.swift; path = AppDelegate.swift; sourceTree = "<group>"; };
		D07872A929256B1300D86740 /* SceneDelegate.swift */ = {isa = PBXFileReference; lastKnownFileType = sourcecode.swift; path = SceneDelegate.swift; sourceTree = "<group>"; };
		D07872AB29256B1300D86740 /* ViewController.swift */ = {isa = PBXFileReference; lastKnownFileType = sourcecode.swift; path = ViewController.swift; sourceTree = "<group>"; };
		D07872AE29256B1300D86740 /* Base */ = {isa = PBXFileReference; lastKnownFileType = file.storyboard; name = Base; path = Base.lproj/Main.storyboard; sourceTree = "<group>"; };
		D07872B029256B1B00D86740 /* Assets.xcassets */ = {isa = PBXFileReference; lastKnownFileType = folder.assetcatalog; path = Assets.xcassets; sourceTree = "<group>"; };
		D07872B329256B1B00D86740 /* Base */ = {isa = PBXFileReference; lastKnownFileType = file.storyboard; name = Base; path = Base.lproj/LaunchScreen.storyboard; sourceTree = "<group>"; };
		D07872B529256B1B00D86740 /* Info.plist */ = {isa = PBXFileReference; lastKnownFileType = text.plist.xml; path = Info.plist; sourceTree = "<group>"; };
		D07872BA29256B1C00D86740 /* OpenSISTests.xctest */ = {isa = PBXFileReference; explicitFileType = wrapper.cfbundle; includeInIndex = 0; path = OpenSISTests.xctest; sourceTree = BUILT_PRODUCTS_DIR; };
		D07872BE29256B1C00D86740 /* OpenSISTests.swift */ = {isa = PBXFileReference; lastKnownFileType = sourcecode.swift; path = OpenSISTests.swift; sourceTree = "<group>"; };
		D07872C429256B1C00D86740 /* OpenSISUITests.xctest */ = {isa = PBXFileReference; explicitFileType = wrapper.cfbundle; includeInIndex = 0; path = OpenSISUITests.xctest; sourceTree = BUILT_PRODUCTS_DIR; };
		D07872C829256B1C00D86740 /* OpenSISUITests.swift */ = {isa = PBXFileReference; lastKnownFileType = sourcecode.swift; path = OpenSISUITests.swift; sourceTree = "<group>"; };
		D07872CA29256B1C00D86740 /* OpenSISUITestsLaunchTests.swift */ = {isa = PBXFileReference; lastKnownFileType = sourcecode.swift; path = OpenSISUITestsLaunchTests.swift; sourceTree = "<group>"; };
/* End PBXFileReference section */

/* Begin PBXFrameworksBuildPhase section */
		D07872A129256B1300D86740 /* Frameworks */ = {
			isa = PBXFrameworksBuildPhase;
			buildActionMask = 2147483647;
			files = (
			);
			runOnlyForDeploymentPostprocessing = 0;
		};
		D07872B729256B1C00D86740 /* Frameworks */ = {
			isa = PBXFrameworksBuildPhase;
			buildActionMask = 2147483647;
			files = (
			);
			runOnlyForDeploymentPostprocessing = 0;
		};
		D07872C129256B1C00D86740 /* Frameworks */ = {
			isa = PBXFrameworksBuildPhase;
			buildActionMask = 2147483647;
			files = (
			);
			runOnlyForDeploymentPostprocessing = 0;
		};
/* End PBXFrameworksBuildPhase section */

/* Begin PBXGroup section */
		D078729B29256B1300D86740 = {
			isa = PBXGroup;
			children = (
				D07872A629256B1300D86740 /* OpenSIS */,
				D07872BD29256B1C00D86740 /* OpenSISTests */,
				D07872C729256B1C00D86740 /* OpenSISUITests */,
				D07872A529256B1300D86740 /* Products */,
			);
			sourceTree = "<group>";
		};
		D07872A529256B1300D86740 /* Products */ = {
			isa = PBXGroup;
			children = (
				D07872A429256B1300D86740 /* OpenSIS.app */,
				D07872BA29256B1C00D86740 /* OpenSISTests.xctest */,
				D07872C429256B1C00D86740 /* OpenSISUITests.xctest */,
			);
			name = Products;
			sourceTree = "<group>";
		};
		D07872A629256B1300D86740 /* OpenSIS */ = {
			isa = PBXGroup;
			children = (
				D07872A729256B1300D86740 /* AppDelegate.swift */,
				D07872A929256B1300D86740 /* SceneDelegate.swift */,
				D07872AB29256B1300D86740 /* ViewController.swift */,
				D07872AD29256B1300D86740 /* Main.storyboard */,
				D07872B029256B1B00D86740 /* Assets.xcassets */,
				D07872B229256B1B00D86740 /* LaunchScreen.storyboard */,
				D07872B529256B1B00D86740 /* Info.plist */,
			);
			path = OpenSIS;
			sourceTree = "<group>";
		};
		D07872BD29256B1C00D86740 /* OpenSISTests */ = {
			isa = PBXGroup;
			children = (
				D07872BE29256B1C00D86740 /* OpenSISTests.swift */,
			);
			path = OpenSISTests;
			sourceTree = "<group>";
		};
		D07872C729256B1C00D86740 /* OpenSISUITests */ = {
			isa = PBXGroup;
			children = (
				D07872C829256B1C00D86740 /* OpenSISUITests.swift */,
				D07872CA29256B1C00D86740 /* OpenSISUITestsLaunchTests.swift */,
			);
			path = OpenSISUITests;
			sourceTree = "<group>";
		};
/* End PBXGroup section */

/* Begin PBXNativeTarget section */
		D07872A329256B1300D86740 /* OpenSIS */ = {
			isa = PBXNativeTarget;
			buildConfigurationList = D07872CE29256B1C00D86740 /* Build configuration list for PBXNativeTarget "OpenSIS" */;
			buildPhases = (
				D07872A029256B1300D86740 /* Sources */,
				D07872A129256B1300D86740 /* Frameworks */,
				D07872A229256B1300D86740 /* Resources */,
			);
			buildRules = (
			);
			dependencies = (
			);
			name = OpenSIS;
			productName = OpenSIS;
			productReference = D07872A429256B1300D86740 /* OpenSIS.app */;
			productType = "com.apple.product-type.application";
		};
		D07872B929256B1C00D86740 /* OpenSISTests */ = {
			isa = PBXNativeTarget;
			buildConfigurationList = D07872D129256B1C00D86740 /* Build configuration list for PBXNativeTarget "OpenSISTests" */;
			buildPhases = (
				D07872B629256B1C00D86740 /* Sources */,
				D07872B729256B1C00D86740 /* Frameworks */,
				D07872B829256B1C00D86740 /* Resources */,
			);
			buildRules = (
			);
			dependencies = (
				D07872BC29256B1C00D86740 /* PBXTargetDependency */,
			);
			name = OpenSISTests;
			productName = OpenSISTests;
			productReference = D07872BA29256B1C00D86740 /* OpenSISTests.xctest */;
			productType = "com.apple.product-type.bundle.unit-test";
		};
		D07872C329256B1C00D86740 /* OpenSISUITests */ = {
			isa = PBXNativeTarget;
			buildConfigurationList = D07872D429256B1C00D86740 /* Build configuration list for PBXNativeTarget "OpenSISUITests" */;
			buildPhases = (
				D07872C029256B1C00D86740 /* Sources */,
				D07872C129256B1C00D86740 /* Frameworks */,
				D07872C229256B1C00D86740 /* Resources */,
			);
			buildRules = (
			);
			dependencies = (
				D07872C629256B1C00D86740 /* PBXTargetDependency */,
			);
			name = OpenSISUITests;
			productName = OpenSISUITests;
			productReference = D07872C429256B1C00D86740 /* OpenSISUITests.xctest */;
			productType = "com.apple.product-type.bundle.ui-testing";
		};
/* End PBXNativeTarget section */

/* Begin PBXProject section */
		D078729C29256B1300D86740 /* Project object */ = {
			isa = PBXProject;
			attributes = {
				BuildIndependentTargetsInParallel = 1;
				LastSwiftUpdateCheck = 1400;
				LastUpgradeCheck = 1400;
				TargetAttributes = {
					D07872A329256B1300D86740 = {
						CreatedOnToolsVersion = 14.0.1;
					};
					D07872B929256B1C00D86740 = {
						CreatedOnToolsVersion = 14.0.1;
						TestTargetID = D07872A329256B1300D86740;
					};
					D07872C329256B1C00D86740 = {
						CreatedOnToolsVersion = 14.0.1;
						TestTargetID = D07872A329256B1300D86740;
					};
				};
			};
			buildConfigurationList = D078729F29256B1300D86740 /* Build configuration list for PBXProject "OpenSIS" */;
			compatibilityVersion = "Xcode 14.0";
			developmentRegion = en;
			hasScannedForEncodings = 0;
			knownRegions = (
				en,
				Base,
			);
			mainGroup = D078729B29256B1300D86740;
			productRefGroup = D07872A529256B1300D86740 /* Products */;
			projectDirPath = "";
			projectRoot = "";
			targets = (
				D07872A329256B1300D86740 /* OpenSIS */,
				D07872B929256B1C00D86740 /* OpenSISTests */,
				D07872C329256B1C00D86740 /* OpenSISUITests */,
			);
		};
/* End PBXProject section */

/* Begin PBXResourcesBuildPhase section */
		D07872A229256B1300D86740 /* Resources */ = {
			isa = PBXResourcesBuildPhase;
			buildActionMask = 2147483647;
			files = (
				D07872B429256B1B00D86740 /* LaunchScreen.storyboard in Resources */,
				D07872B129256B1B00D86740 /* Assets.xcassets in Resources */,
				D07872AF29256B1300D86740 /* Main.storyboard in Resources */,
			);
			runOnlyForDeploymentPostprocessing = 0;
		};
		D07872B829256B1C00D86740 /* Resources */ = {
			isa = PBXResourcesBuildPhase;
			buildActionMask = 2147483647;
			files = (
			);
			runOnlyForDeploymentPostprocessing = 0;
		};
		D07872C229256B1C00D86740 /* Resources */ = {
			isa = PBXResourcesBuildPhase;
			buildActionMask = 2147483647;
			files = (
			);
			runOnlyForDeploymentPostprocessing = 0;
		};
/* End PBXResourcesBuildPhase section */

/* Begin PBXSourcesBuildPhase section */
		D07872A029256B1300D86740 /* Sources */ = {
			isa = PBXSourcesBuildPhase;
			buildActionMask = 2147483647;
			files = (
				D07872AC29256B1300D86740 /* ViewController.swift in Sources */,
				D07872A829256B1300D86740 /* AppDelegate.swift in Sources */,
				D07872AA29256B1300D86740 /* SceneDelegate.swift in Sources */,
			);
			runOnlyForDeploymentPostprocessing = 0;
		};
		D07872B629256B1C00D86740 /* Sources */ = {
			isa = PBXSourcesBuildPhase;
			buildActionMask = 2147483647;
			files = (
				D07872BF29256B1C00D86740 /* OpenSISTests.swift in Sources */,
			);
			runOnlyForDeploymentPostprocessing = 0;
		};
		D07872C029256B1C00D86740 /* Sources */ = {
			isa = PBXSourcesBuildPhase;
			buildActionMask = 2147483647;
			files = (
				D07872CB29256B1C00D86740 /* OpenSISUITestsLaunchTests.swift in Sources */,
				D07872C929256B1C00D86740 /* OpenSISUITests.swift in Sources */,
			);
			runOnlyForDeploymentPostprocessing = 0;
		};
/* End PBXSourcesBuildPhase section */

/* Begin PBXTargetDependency section */
		D07872BC29256B1C00D86740 /* PBXTargetDependency */ = {
			isa = PBXTargetDependency;
			target = D07872A329256B1300D86740 /* OpenSIS */;
			targetProxy = D07872BB29256B1C00D86740 /* PBXContainerItemProxy */;
		};
		D07872C629256B1C00D86740 /* PBXTargetDependency */ = {
			isa = PBXTargetDependency;
			target = D07872A329256B1300D86740 /* OpenSIS */;
			targetProxy = D07872C529256B1C00D86740 /* PBXContainerItemProxy */;
		};
/* End PBXTargetDependency section */

/* Begin PBXVariantGroup section */
		D07872AD29256B1300D86740 /* Main.storyboard */ = {
			isa = PBXVariantGroup;
			children = (
				D07872AE29256B1300D86740 /* Base */,
			);
			name = Main.storyboard;
			sourceTree = "<group>";
		};
		D07872B229256B1B00D86740 /* LaunchScreen.storyboard */ = {
			isa = PBXVariantGroup;
			children = (
				D07872B329256B1B00D86740 /* Base */,
			);
			name = LaunchScreen.storyboard;
			sourceTree = "<group>";
		};
/* End PBXVariantGroup section */

/* Begin XCBuildConfiguration section */
		D07872CC29256B1C00D86740 /* Debug */ = {
			isa = XCBuildConfiguration;
			buildSettings = {
				ALWAYS_SEARCH_USER_PATHS = NO;
				CLANG_ANALYZER_NONNULL = YES;
				CLANG_ANALYZER_NUMBER_OBJECT_CONVERSION = YES_AGGRESSIVE;
				CLANG_CXX_LANGUAGE_STANDARD = "gnu++20";
				CLANG_ENABLE_MODULES = YES;
				CLANG_ENABLE_OBJC_ARC = YES;
				CLANG_ENABLE_OBJC_WEAK = YES;
				CLANG_WARN_BLOCK_CAPTURE_AUTORELEASING = YES;
				CLANG_WARN_BOOL_CONVERSION = YES;
				CLANG_WARN_COMMA = YES;
				CLANG_WARN_CONSTANT_CONVERSION = YES;
				CLANG_WARN_DEPRECATED_OBJC_IMPLEMENTATIONS = YES;
				CLANG_WARN_DIRECT_OBJC_ISA_USAGE = YES_ERROR;
				CLANG_WARN_DOCUMENTATION_COMMENTS = YES;
				CLANG_WARN_EMPTY_BODY = YES;
				CLANG_WARN_ENUM_CONVERSION = YES;
				CLANG_WARN_INFINITE_RECURSION = YES;
				CLANG_WARN_INT_CONVERSION = YES;
				CLANG_WARN_NON_LITERAL_NULL_CONVERSION = YES;
				CLANG_WARN_OBJC_IMPLICIT_RETAIN_SELF = YES;
				CLANG_WARN_OBJC_LITERAL_CONVERSION = YES;
				CLANG_WARN_OBJC_ROOT_CLASS = YES_ERROR;
				CLANG_WARN_QUOTED_INCLUDE_IN_FRAMEWORK_HEADER = YES;
				CLANG_WARN_RANGE_LOOP_ANALYSIS = YES;
				CLANG_WARN_STRICT_PROTOTYPES = YES;
				CLANG_WARN_SUSPICIOUS_MOVE = YES;
				CLANG_WARN_UNGUARDED_AVAILABILITY = YES_AGGRESSIVE;
				CLANG_WARN_UNREACHABLE_CODE = YES;
				CLANG_WARN__DUPLICATE_METHOD_MATCH = YES;
				COPY_PHASE_STRIP = NO;
				DEBUG_INFORMATION_FORMAT = dwarf;
				ENABLE_STRICT_OBJC_MSGSEND = YES;
				ENABLE_TESTABILITY = YES;
				GCC_C_LANGUAGE_STANDARD = gnu11;
				GCC_DYNAMIC_NO_PIC = NO;
				GCC_NO_COMMON_BLOCKS = YES;
				GCC_OPTIMIZATION_LEVEL = 0;
				GCC_PREPROCESSOR_DEFINITIONS = (
					"DEBUG=1",
					"$(inherited)",
				);
				GCC_WARN_64_TO_32_BIT_CONVERSION = YES;
				GCC_WARN_ABOUT_RETURN_TYPE = YES_ERROR;
				GCC_WARN_UNDECLARED_SELECTOR = YES;
				GCC_WARN_UNINITIALIZED_AUTOS = YES_AGGRESSIVE;
				GCC_WARN_UNUSED_FUNCTION = YES;
				GCC_WARN_UNUSED_VARIABLE = YES;
				IPHONEOS_DEPLOYMENT_TARGET = 16.0;
				MTL_ENABLE_DEBUG_INFO = INCLUDE_SOURCE;
				MTL_FAST_MATH = YES;
				ONLY_ACTIVE_ARCH = YES;
				SDKROOT = iphoneos;
				SWIFT_ACTIVE_COMPILATION_CONDITIONS = DEBUG;
				SWIFT_OPTIMIZATION_LEVEL = "-Onone";
			};
			name = Debug;
		};
		D07872CD29256B1C00D86740 /* Release */ = {
			isa = XCBuildConfiguration;
			buildSettings = {
				ALWAYS_SEARCH_USER_PATHS = NO;
				CLANG_ANALYZER_NONNULL = YES;
				CLANG_ANALYZER_NUMBER_OBJECT_CONVERSION = YES_AGGRESSIVE;
				CLANG_CXX_LANGUAGE_STANDARD = "gnu++20";
				CLANG_ENABLE_MODULES = YES;
				CLANG_ENABLE_OBJC_ARC = YES;
				CLANG_ENABLE_OBJC_WEAK = YES;
				CLANG_WARN_BLOCK_CAPTURE_AUTORELEASING = YES;
				CLANG_WARN_BOOL_CONVERSION = YES;
				CLANG_WARN_COMMA = YES;
				CLANG_WARN_CONSTANT_CONVERSION = YES;
				CLANG_WARN_DEPRECATED_OBJC_IMPLEMENTATIONS = YES;
				CLANG_WARN_DIRECT_OBJC_ISA_USAGE = YES_ERROR;
				CLANG_WARN_DOCUMENTATION_COMMENTS = YES;
				CLANG_WARN_EMPTY_BODY = YES;
				CLANG_WARN_ENUM_CONVERSION = YES;
				CLANG_WARN_INFINITE_RECURSION = YES;
				CLANG_WARN_INT_CONVERSION = YES;
				CLANG_WARN_NON_LITERAL_NULL_CONVERSION = YES;
				CLANG_WARN_OBJC_IMPLICIT_RETAIN_SELF = YES;
				CLANG_WARN_OBJC_LITERAL_CONVERSION = YES;
				CLANG_WARN_OBJC_ROOT_CLASS = YES_ERROR;
				CLANG_WARN_QUOTED_INCLUDE_IN_FRAMEWORK_HEADER = YES;
				CLANG_WARN_RANGE_LOOP_ANALYSIS = YES;
				CLANG_WARN_STRICT_PROTOTYPES = YES;
				CLANG_WARN_SUSPICIOUS_MOVE = YES;
				CLANG_WARN_UNGUARDED_AVAILABILITY = YES_AGGRESSIVE;
				CLANG_WARN_UNREACHABLE_CODE = YES;
				CLANG_WARN__DUPLICATE_METHOD_MATCH = YES;
				COPY_PHASE_STRIP = NO;
				DEBUG_INFORMATION_FORMAT = "dwarf-with-dsym";
				ENABLE_NS_ASSERTIONS = NO;
				ENABLE_STRICT_OBJC_MSGSEND = YES;
				GCC_C_LANGUAGE_STANDARD = gnu11;
				GCC_NO_COMMON_BLOCKS = YES;
				GCC_WARN_64_TO_32_BIT_CONVERSION = YES;
				GCC_WARN_ABOUT_RETURN_TYPE = YES_ERROR;
				GCC_WARN_UNDECLARED_SELECTOR = YES;
				GCC_WARN_UNINITIALIZED_AUTOS = YES_AGGRESSIVE;
				GCC_WARN_UNUSED_FUNCTION = YES;
				GCC_WARN_UNUSED_VARIABLE = YES;
				IPHONEOS_DEPLOYMENT_TARGET = 16.0;
				MTL_ENABLE_DEBUG_INFO = NO;
				MTL_FAST_MATH = YES;
				SDKROOT = iphoneos;
				SWIFT_COMPILATION_MODE = wholemodule;
				SWIFT_OPTIMIZATION_LEVEL = "-O";
				VALIDATE_PRODUCT = YES;
			};
			name = Release;
		};
		D07872CF29256B1C00D86740 /* Debug */ = {
			isa = XCBuildConfiguration;
			buildSettings = {
				ASSETCATALOG_COMPILER_APPICON_NAME = AppIcon;
				ASSETCATALOG_COMPILER_GLOBAL_ACCENT_COLOR_NAME = AccentColor;
				CODE_SIGN_STYLE = Automatic;
				CURRENT_PROJECT_VERSION = 1;
				DEVELOPMENT_TEAM = 9RFZHVG2BJ;
				GENERATE_INFOPLIST_FILE = YES;
				INFOPLIST_FILE = OpenSIS/Info.plist;
				INFOPLIST_KEY_UIApplicationSupportsIndirectInputEvents = YES;
				INFOPLIST_KEY_UILaunchStoryboardName = LaunchScreen;
				INFOPLIST_KEY_UIMainStoryboardFile = Main;
				INFOPLIST_KEY_UISupportedInterfaceOrientations_iPad = "UIInterfaceOrientationPortrait UIInterfaceOrientationPortraitUpsideDown UIInterfaceOrientationLandscapeLeft UIInterfaceOrientationLandscapeRight";
				INFOPLIST_KEY_UISupportedInterfaceOrientations_iPhone = "UIInterfaceOrientationPortrait UIInterfaceOrientationLandscapeLeft UIInterfaceOrientationLandscapeRight";
				LD_RUNPATH_SEARCH_PATHS = (
					"$(inherited)",
					"@executable_path/Frameworks",
				);
				MARKETING_VERSION = 1.0;
				PRODUCT_BUNDLE_IDENTIFIER = "com.gcl.-Skanem.OpenSIS";
				PRODUCT_NAME = "$(TARGET_NAME)";
				SWIFT_EMIT_LOC_STRINGS = YES;
				SWIFT_VERSION = 5.0;
				TARGETED_DEVICE_FAMILY = "1,2";
			};
			name = Debug;
		};
		D07872D029256B1C00D86740 /* Release */ = {
			isa = XCBuildConfiguration;
			buildSettings = {
				ASSETCATALOG_COMPILER_APPICON_NAME = AppIcon;
				ASSETCATALOG_COMPILER_GLOBAL_ACCENT_COLOR_NAME = AccentColor;
				CODE_SIGN_STYLE = Automatic;
				CURRENT_PROJECT_VERSION = 1;
				DEVELOPMENT_TEAM = 9RFZHVG2BJ;
				GENERATE_INFOPLIST_FILE = YES;
				INFOPLIST_FILE = OpenSIS/Info.plist;
				INFOPLIST_KEY_UIApplicationSupportsIndirectInputEvents = YES;
				INFOPLIST_KEY_UILaunchStoryboardName = LaunchScreen;
				INFOPLIST_KEY_UIMainStoryboardFile = Main;
				INFOPLIST_KEY_UISupportedInterfaceOrientations_iPad = "UIInterfaceOrientationPortrait UIInterfaceOrientationPortraitUpsideDown UIInterfaceOrientationLandscapeLeft UIInterfaceOrientationLandscapeRight";
				INFOPLIST_KEY_UISupportedInterfaceOrientations_iPhone = "UIInterfaceOrientationPortrait UIInterfaceOrientationLandscapeLeft UIInterfaceOrientationLandscapeRight";
				LD_RUNPATH_SEARCH_PATHS = (
					"$(inherited)",
					"@executable_path/Frameworks",
				);
				MARKETING_VERSION = 1.0;
				PRODUCT_BUNDLE_IDENTIFIER = "com.gcl.-Skanem.OpenSIS";
				PRODUCT_NAME = "$(TARGET_NAME)";
				SWIFT_EMIT_LOC_STRINGS = YES;
				SWIFT_VERSION = 5.0;
				TARGETED_DEVICE_FAMILY = "1,2";
			};
			name = Release;
		};
		D07872D229256B1C00D86740 /* Debug */ = {
			isa = XCBuildConfiguration;
			buildSettings = {
				ALWAYS_EMBED_SWIFT_STANDARD_LIBRARIES = YES;
				BUNDLE_LOADER = "$(TEST_HOST)";
				CODE_SIGN_STYLE = Automatic;
				CURRENT_PROJECT_VERSION = 1;
				DEVELOPMENT_TEAM = 9RFZHVG2BJ;
				GENERATE_INFOPLIST_FILE = YES;
				IPHONEOS_DEPLOYMENT_TARGET = 16.0;
				MARKETING_VERSION = 1.0;
				PRODUCT_BUNDLE_IDENTIFIER = "com.gcl.-Skanem.OpenSISTests";
				PRODUCT_NAME = "$(TARGET_NAME)";
				SWIFT_EMIT_LOC_STRINGS = NO;
				SWIFT_VERSION = 5.0;
				TARGETED_DEVICE_FAMILY = "1,2";
				TEST_HOST = "$(BUILT_PRODUCTS_DIR)/OpenSIS.app/$(BUNDLE_EXECUTABLE_FOLDER_PATH)/OpenSIS";
			};
			name = Debug;
		};
		D07872D329256B1C00D86740 /* Release */ = {
			isa = XCBuildConfiguration;
			buildSettings = {
				ALWAYS_EMBED_SWIFT_STANDARD_LIBRARIES = YES;
				BUNDLE_LOADER = "$(TEST_HOST)";
				CODE_SIGN_STYLE = Automatic;
				CURRENT_PROJECT_VERSION = 1;
				DEVELOPMENT_TEAM = 9RFZHVG2BJ;
				GENERATE_INFOPLIST_FILE = YES;
				IPHONEOS_DEPLOYMENT_TARGET = 16.0;
				MARKETING_VERSION = 1.0;
				PRODUCT_BUNDLE_IDENTIFIER = "com.gcl.-Skanem.OpenSISTests";
				PRODUCT_NAME = "$(TARGET_NAME)";
				SWIFT_EMIT_LOC_STRINGS = NO;
				SWIFT_VERSION = 5.0;
				TARGETED_DEVICE_FAMILY = "1,2";
				TEST_HOST = "$(BUILT_PRODUCTS_DIR)/OpenSIS.app/$(BUNDLE_EXECUTABLE_FOLDER_PATH)/OpenSIS";
			};
			name = Release;
		};
		D07872D529256B1C00D86740 /* Debug */ = {
			isa = XCBuildConfiguration;
			buildSettings = {
				ALWAYS_EMBED_SWIFT_STANDARD_LIBRARIES = YES;
				CODE_SIGN_STYLE = Automatic;
				CURRENT_PROJECT_VERSION = 1;
				DEVELOPMENT_TEAM = 9RFZHVG2BJ;
				GENERATE_INFOPLIST_FILE = YES;
				MARKETING_VERSION = 1.0;
				PRODUCT_BUNDLE_IDENTIFIER = "com.gcl.-Skanem.OpenSISUITests";
				PRODUCT_NAME = "$(TARGET_NAME)";
				SWIFT_EMIT_LOC_STRINGS = NO;
				SWIFT_VERSION = 5.0;
				TARGETED_DEVICE_FAMILY = "1,2";
				TEST_TARGET_NAME = OpenSIS;
			};
			name = Debug;
		};
		D07872D629256B1C00D86740 /* Release */ = {
			isa = XCBuildConfiguration;
			buildSettings = {
				ALWAYS_EMBED_SWIFT_STANDARD_LIBRARIES = YES;
				CODE_SIGN_STYLE = Automatic;
				CURRENT_PROJECT_VERSION = 1;
				DEVELOPMENT_TEAM = 9RFZHVG2BJ;
				GENERATE_INFOPLIST_FILE = YES;
				MARKETING_VERSION = 1.0;
				PRODUCT_BUNDLE_IDENTIFIER = "com.gcl.-Skanem.OpenSISUITests";
				PRODUCT_NAME = "$(TARGET_NAME)";
				SWIFT_EMIT_LOC_STRINGS = NO;
				SWIFT_VERSION = 5.0;
				TARGETED_DEVICE_FAMILY = "1,2";
				TEST_TARGET_NAME = OpenSIS;
			};
			name = Release;
		};
/* End XCBuildConfiguration section */

/* Begin XCConfigurationList section */
		D078729F29256B1300D86740 /* Build configuration list for PBXProject "OpenSIS" */ = {
			isa = XCConfigurationList;
			buildConfigurations = (
				D07872CC29256B1C00D86740 /* Debug */,
				D07872CD29256B1C00D86740 /* Release */,
			);
			defaultConfigurationIsVisible = 0;
			defaultConfigurationName = Release;
		};
		D07872CE29256B1C00D86740 /* Build configuration list for PBXNativeTarget "OpenSIS" */ = {
			isa = XCConfigurationList;
			buildConfigurations = (
				D07872CF29256B1C00D86740 /* Debug */,
				D07872D029256B1C00D86740 /* Release */,
			);
			defaultConfigurationIsVisible = 0;
			defaultConfigurationName = Release;
		};
		D07872D129256B1C00D86740 /* Build configuration list for PBXNativeTarget "OpenSISTests" */ = {
			isa = XCConfigurationList;
			buildConfigurations = (
				D07872D229256B1C00D86740 /* Debug */,
				D07872D329256B1C00D86740 /* Release */,
			);
			defaultConfigurationIsVisible = 0;
			defaultConfigurationName = Release;
		};
		D07872D429256B1C00D86740 /* Build configuration list for PBXNativeTarget "OpenSISUITests" */ = {
			isa = XCConfigurationList;
			buildConfigurations = (
				D07872D529256B1C00D86740 /* Debug */,
				D07872D629256B1C00D86740 /* Release */,
			);
			defaultConfigurationIsVisible = 0;
			defaultConfigurationName = Release;
		};
/* End XCConfigurationList section */
	};
	rootObject = D078729C29256B1300D86740 /* Project object */;
}
